{
	"name": "flux-lib",
	"version": "0.1.0",
	"lockfileVersion": 1,
	"requires": true,
	"dependencies": {
		"@types/node": {
			"version": "10.9.4",
			"resolved": "https://registry.npmjs.org/@types/node/-/node-10.9.4.tgz",
			"integrity": "sha512-fCHV45gS+m3hH17zgkgADUSi2RR1Vht6wOZ0jyHP8rjiQra9f+mIcgwPQHllmDocYOstIEbKlxbFDYlgrTPYqw=="
		},
		"fp-ts": {
			"version": "1.8.0",
			"resolved": "https://registry.npmjs.org/fp-ts/-/fp-ts-1.8.0.tgz",
			"integrity": "sha512-gR9sMKWfEWAOegxeq3t2wT7lLRHIZ/JOAbodPUSifhl5wcwHM3l2dbXh4J37iLPNETY0soTqrxAcMpUotS0KSw=="
		},
		"io-ts": {
			"version": "1.3.0",
			"resolved": "https://registry.npmjs.org/io-ts/-/io-ts-1.3.0.tgz",
			"integrity": "sha512-3Y+shQijBP4rUpREG26AqumeBncm1ANf0bYeDU9DNb0GE99fhm1S+jk/ZvEd2RV+S8aVLNbXpwWX2+ysuei0QQ==",
			"requires": {
				"fp-ts": "^1.0.0"
			}
		},
		"typescript": {
			"version": "3.0.3",
			"resolved": "https://registry.npmjs.org/typescript/-/typescript-3.0.3.tgz",
			"integrity": "sha512-kk80vLW9iGtjMnIv11qyxLqZm20UklzuR2tL0QAnDIygIUIemcZMxlMWudl9OOt76H3ntVzcTiddQ1/pAAJMYg==",
			"dev": true
		}
	}
}
